{
  "requires": true,
  "lockfileVersion": 1,
  "dependencies": {
    "emailjs": {
      "version": "4.0.1",
      "resolved": "https://registry.npmjs.org/emailjs/-/emailjs-4.0.1.tgz",
      "integrity": "sha512-rTN/LDvlqwU79E367ovB7FIziImzimhQcZiGmC20VcDPbf0mv3l9c3aavtMcEFaFBsycjGB5aMIhz4ZbKNeLWw=="
    },
    "emailjs-com": {
      "version": "3.2.0",
      "resolved": "https://registry.npmjs.org/emailjs-com/-/emailjs-com-3.2.0.tgz",
      "integrity": "sha512-Prbz3E1usiAwGjMNYRv6EsJ5c373cX7/AGnZQwOfrpNJrygQJ15+E9OOq4pU8yC977Z5xMetRfc3WmDX6RcjAA=="
    },
    "react-icons": {
      "version": "4.7.1",
      "resolved": "https://registry.npmjs.org/react-icons/-/react-icons-4.7.1.tgz",
      "integrity": "sha512-yHd3oKGMgm7zxo3EA7H2n7vxSoiGmHk5t6Ou4bXsfcgWyhfDKMpyKfhHR6Bjnn63c+YXBLBPUql9H4wPJM6sXw=="
    }
  }
}
